
Microsoft Visual Studio Solution File, Format Version 12.00
# Visual Studio Version 17
VisualStudioVersion = 17.1.32407.343
MinimumVisualStudioVersion = 10.0.40219.1
Project("{FAE04EC0-301F-11D3-BF4B-00C04F79EFBC}") = "N1", "N1\N1.csproj", "{779672CC-F52B-4741-A373-E7A8AF780504}"
EndProject
Project("{FAE04EC0-301F-11D3-BF4B-00C04F79EFBC}") = "N5", "N5\N5.csproj", "{9E5C8D3C-9849-40EB-836A-3A3BA7CD86CA}"
EndProject
Global
	GlobalSection(SolutionConfigurationPlatforms) = preSolution
		Debug|Any CPU = Debug|Any CPU
		Release|Any CPU = Release|Any CPU
	EndGlobalSection
	GlobalSection(ProjectConfigurationPlatforms) = postSolution
		{779672CC-F52B-4741-A373-E7A8AF780504}.Debug|Any CPU.ActiveCfg = Debug|Any CPU
		{779672CC-F52B-4741-A373-E7A8AF780504}.Debug|Any CPU.Build.0 = Debug|Any CPU
		{779672CC-F52B-4741-A373-E7A8AF780504}.Release|Any CPU.ActiveCfg = Release|Any CPU
		{779672CC-F52B-4741-A373-E7A8AF780504}.Release|Any CPU.Build.0 = Release|Any CPU
		{9E5C8D3C-9849-40EB-836A-3A3BA7CD86CA}.Debug|Any CPU.ActiveCfg = Debug|Any CPU
		{9E5C8D3C-9849-40EB-836A-3A3BA7CD86CA}.Debug|Any CPU.Build.0 = Debug|Any CPU
		{9E5C8D3C-9849-40EB-836A-3A3BA7CD86CA}.Release|Any CPU.ActiveCfg = Release|Any CPU
		{9E5C8D3C-9849-40EB-836A-3A3BA7CD86CA}.Release|Any CPU.Build.0 = Release|Any CPU
	EndGlobalSection
	GlobalSection(SolutionProperties) = preSolution
		HideSolutionNode = FALSE
	EndGlobalSection
	GlobalSection(ExtensibilityGlobals) = postSolution
		SolutionGuid = {338DB675-90F1-4DA9-AD50-D221223327A2}
	EndGlobalSection
EndGlobal
